
Microsoft Visual Studio Solution File, Format Version 12.00
# Visual Studio Version 16
VisualStudioVersion = 16.0.30907.101
MinimumVisualStudioVersion = 10.0.40219.1
Project("{FAE04EC0-301F-11D3-BF4B-00C04F79EFBC}") = "SimpleSample.UWP", "SimpleSample.UWP\SimpleSample.UWP.csproj", "{72B79CF9-698E-4F3C-815A-F4F8C69A92FE}"
EndProject
Project("{FAE04EC0-301F-11D3-BF4B-00C04F79EFBC}") = "SimpleSample.Android", "SimpleSample.Android\SimpleSample.Android.csproj", "{3637A052-51F6-4008-A3A9-D3F173F81979}"
EndProject
Project("{FAE04EC0-301F-11D3-BF4B-00C04F79EFBC}") = "SimpleSample.iOS", "SimpleSample.iOS\SimpleSample.iOS.csproj", "{7232CB78-D230-4FCC-B580-275CB89C873E}"
EndProject
Project("{FAE04EC0-301F-11D3-BF4B-00C04F79EFBC}") = "SimpleSample", "SimpleSample\SimpleSample.csproj", "{3C6D0D15-BA85-4112-BF77-D1F74C87AF16}"
EndProject
Global
	GlobalSection(SolutionConfigurationPlatforms) = preSolution
		Debug|Any CPU = Debug|Any CPU
		Debug|ARM = Debug|ARM
		Debug|iPhone = Debug|iPhone
		Debug|iPhoneSimulator = Debug|iPhoneSimulator
		Debug|x64 = Debug|x64
		Debug|x86 = Debug|x86
		Release|Any CPU = Release|Any CPU
		Release|ARM = Release|ARM
		Release|iPhone = Release|iPhone
		Release|iPhoneSimulator = Release|iPhoneSimulator
		Release|x64 = Release|x64
		Release|x86 = Release|x86
	EndGlobalSection
	GlobalSection(ProjectConfigurationPlatforms) = postSolution
		{72B79CF9-698E-4F3C-815A-F4F8C69A92FE}.Debug|Any CPU.ActiveCfg = Debug|x86
		{72B79CF9-698E-4F3C-815A-F4F8C69A92FE}.Debug|Any CPU.Build.0 = Debug|x86
		{72B79CF9-698E-4F3C-815A-F4F8C69A92FE}.Debug|Any CPU.Deploy.0 = Debug|x86
		{72B79CF9-698E-4F3C-815A-F4F8C69A92FE}.Debug|ARM.ActiveCfg = Debug|ARM
		{72B79CF9-698E-4F3C-815A-F4F8C69A92FE}.Debug|ARM.Build.0 = Debug|ARM
		{72B79CF9-698E-4F3C-815A-F4F8C69A92FE}.Debug|ARM.Deploy.0 = Debug|ARM
		{72B79CF9-698E-4F3C-815A-F4F8C69A92FE}.Debug|iPhone.ActiveCfg = Debug|x86
		{72B79CF9-698E-4F3C-815A-F4F8C69A92FE}.Debug|iPhone.Build.0 = Debug|x86
		{72B79CF9-698E-4F3C-815A-F4F8C69A92FE}.Debug|iPhone.Deploy.0 = Debug|x86
		{72B79CF9-698E-4F3C-815A-F4F8C69A92FE}.Debug|iPhoneSimulator.ActiveCfg = Debug|x86
		{72B79CF9-698E-4F3C-815A-F4F8C69A92FE}.Debug|iPhoneSimulator.Build.0 = Debug|x86
		{72B79CF9-698E-4F3C-815A-F4F8C69A92FE}.Debug|iPhoneSimulator.Deploy.0 = Debug|x86
		{72B79CF9-698E-4F3C-815A-F4F8C69A92FE}.Debug|x64.ActiveCfg = Debug|x64
		{72B79CF9-698E-4F3C-815A-F4F8C69A92FE}.Debug|x64.Build.0 = Debug|x64
		{72B79CF9-698E-4F3C-815A-F4F8C69A92FE}.Debug|x64.Deploy.0 = Debug|x64
		{72B79CF9-698E-4F3C-815A-F4F8C69A92FE}.Debug|x86.ActiveCfg = Debug|x86
		{72B79CF9-698E-4F3C-815A-F4F8C69A92FE}.Debug|x86.Build.0 = Debug|x86
		{72B79CF9-698E-4F3C-815A-F4F8C69A92FE}.Debug|x86.Deploy.0 = Debug|x86
		{72B79CF9-698E-4F3C-815A-F4F8C69A92FE}.Release|Any CPU.ActiveCfg = Release|x86
		{72B79CF9-698E-4F3C-815A-F4F8C69A92FE}.Release|Any CPU.Build.0 = Release|x86
		{72B79CF9-698E-4F3C-815A-F4F8C69A92FE}.Release|Any CPU.Deploy.0 = Release|x86
		{72B79CF9-698E-4F3C-815A-F4F8C69A92FE}.Release|ARM.ActiveCfg = Release|ARM
		{72B79CF9-698E-4F3C-815A-F4F8C69A92FE}.Release|ARM.Build.0 = Release|ARM
		{72B79CF9-698E-4F3C-815A-F4F8C69A92FE}.Release|ARM.Deploy.0 = Release|ARM
		{72B79CF9-698E-4F3C-815A-F4F8C69A92FE}.Release|iPhone.ActiveCfg = Release|x86
		{72B79CF9-698E-4F3C-815A-F4F8C69A92FE}.Release|iPhone.Build.0 = Release|x86
		{72B79CF9-698E-4F3C-815A-F4F8C69A92FE}.Release|iPhone.Deploy.0 = Release|x86
		{72B79CF9-698E-4F3C-815A-F4F8C69A92FE}.Release|iPhoneSimulator.ActiveCfg = Release|x86
		{72B79CF9-698E-4F3C-815A-F4F8C69A92FE}.Release|iPhoneSimulator.Build.0 = Release|x86
		{72B79CF9-698E-4F3C-815A-F4F8C69A92FE}.Release|iPhoneSimulator.Deploy.0 = Release|x86
		{72B79CF9-698E-4F3C-815A-F4F8C69A92FE}.Release|x64.ActiveCfg = Release|x64
		{72B79CF9-698E-4F3C-815A-F4F8C69A92FE}.Release|x64.Build.0 = Release|x64
		{72B79CF9-698E-4F3C-815A-F4F8C69A92FE}.Release|x64.Deploy.0 = Release|x64
		{72B79CF9-698E-4F3C-815A-F4F8C69A92FE}.Release|x86.ActiveCfg = Release|x86
		{72B79CF9-698E-4F3C-815A-F4F8C69A92FE}.Release|x86.Build.0 = Release|x86
		{72B79CF9-698E-4F3C-815A-F4F8C69A92FE}.Release|x86.Deploy.0 = Release|x86
		{3637A052-51F6-4008-A3A9-D3F173F81979}.Debug|Any CPU.ActiveCfg = Debug|Any CPU
		{3637A052-51F6-4008-A3A9-D3F173F81979}.Debug|Any CPU.Build.0 = Debug|Any CPU
		{3637A052-51F6-4008-A3A9-D3F173F81979}.Debug|Any CPU.Deploy.0 = Debug|Any CPU
		{3637A052-51F6-4008-A3A9-D3F173F81979}.Debug|ARM.ActiveCfg = Debug|Any CPU
		{3637A052-51F6-4008-A3A9-D3F173F81979}.Debug|ARM.Build.0 = Debug|Any CPU
		{3637A052-51F6-4008-A3A9-D3F173F81979}.Debug|ARM.Deploy.0 = Debug|Any CPU
		{3637A052-51F6-4008-A3A9-D3F173F81979}.Debug|iPhone.ActiveCfg = Debug|Any CPU
		{3637A052-51F6-4008-A3A9-D3F173F81979}.Debug|iPhone.Build.0 = Debug|Any CPU
		{3637A052-51F6-4008-A3A9-D3F173F81979}.Debug|iPhone.Deploy.0 = Debug|Any CPU
		{3637A052-51F6-4008-A3A9-D3F173F81979}.Debug|iPhoneSimulator.ActiveCfg = Debug|Any CPU
		{3637A052-51F6-4008-A3A9-D3F173F81979}.Debug|iPhoneSimulator.Build.0 = Debug|Any CPU
		{3637A052-51F6-4008-A3A9-D3F173F81979}.Debug|iPhoneSimulator.Deploy.0 = Debug|Any CPU
		{3637A052-51F6-4008-A3A9-D3F173F81979}.Debug|x64.ActiveCfg = Debug|Any CPU
		{3637A052-51F6-4008-A3A9-D3F173F81979}.Debug|x64.Build.0 = Debug|Any CPU
		{3637A052-51F6-4008-A3A9-D3F173F81979}.Debug|x64.Deploy.0 = Debug|Any CPU
		{3637A052-51F6-4008-A3A9-D3F173F81979}.Debug|x86.ActiveCfg = Debug|Any CPU
		{3637A052-51F6-4008-A3A9-D3F173F81979}.Debug|x86.Build.0 = Debug|Any CPU
		{3637A052-51F6-4008-A3A9-D3F173F81979}.Debug|x86.Deploy.0 = Debug|Any CPU
		{3637A052-51F6-4008-A3A9-D3F173F81979}.Release|Any CPU.ActiveCfg = Release|Any CPU
		{3637A052-51F6-4008-A3A9-D3F173F81979}.Release|Any CPU.Build.0 = Release|Any CPU
		{3637A052-51F6-4008-A3A9-D3F173F81979}.Release|Any CPU.Deploy.0 = Release|Any CPU
		{3637A052-51F6-4008-A3A9-D3F173F81979}.Release|ARM.ActiveCfg = Release|Any CPU
		{3637A052-51F6-4008-A3A9-D3F173F81979}.Release|ARM.Build.0 = Release|Any CPU
		{3637A052-51F6-4008-A3A9-D3F173F81979}.Release|ARM.Deploy.0 = Release|Any CPU
		{3637A052-51F6-4008-A3A9-D3F173F81979}.Release|iPhone.ActiveCfg = Release|Any CPU
		{3637A052-51F6-4008-A3A9-D3F173F81979}.Release|iPhone.Build.0 = Release|Any CPU
		{3637A052-51F6-4008-A3A9-D3F173F81979}.Release|iPhone.Deploy.0 = Release|Any CPU
		{3637A052-51F6-4008-A3A9-D3F173F81979}.Release|iPhoneSimulator.ActiveCfg = Release|Any CPU
		{3637A052-51F6-4008-A3A9-D3F173F81979}.Release|iPhoneSimulator.Build.0 = Release|Any CPU
		{3637A052-51F6-4008-A3A9-D3F173F81979}.Release|iPhoneSimulator.Deploy.0 = Release|Any CPU
		{3637A052-51F6-4008-A3A9-D3F173F81979}.Release|x64.ActiveCfg = Release|Any CPU
		{3637A052-51F6-4008-A3A9-D3F173F81979}.Release|x64.Build.0 = Release|Any CPU
		{3637A052-51F6-4008-A3A9-D3F173F81979}.Release|x64.Deploy.0 = Release|Any CPU
		{3637A052-51F6-4008-A3A9-D3F173F81979}.Release|x86.ActiveCfg = Release|Any CPU
		{3637A052-51F6-4008-A3A9-D3F173F81979}.Release|x86.Build.0 = Release|Any CPU
		{3637A052-51F6-4008-A3A9-D3F173F81979}.Release|x86.Deploy.0 = Release|Any CPU
		{7232CB78-D230-4FCC-B580-275CB89C873E}.Debug|Any CPU.ActiveCfg = Debug|iPhoneSimulator
		{7232CB78-D230-4FCC-B580-275CB89C873E}.Debug|Any CPU.Build.0 = Debug|iPhoneSimulator
		{7232CB78-D230-4FCC-B580-275CB89C873E}.Debug|Any CPU.Deploy.0 = Debug|iPhoneSimulator
		{7232CB78-D230-4FCC-B580-275CB89C873E}.Debug|ARM.ActiveCfg = Debug|iPhone
		{7232CB78-D230-4FCC-B580-275CB89C873E}.Debug|ARM.Build.0 = Debug|iPhone
		{7232CB78-D230-4FCC-B580-275CB89C873E}.Debug|ARM.Deploy.0 = Debug|iPhone
		{7232CB78-D230-4FCC-B580-275CB89C873E}.Debug|iPhone.ActiveCfg = Debug|iPhone
		{7232CB78-D230-4FCC-B580-275CB89C873E}.Debug|iPhone.Build.0 = Debug|iPhone
		{7232CB78-D230-4FCC-B580-275CB89C873E}.Debug|iPhone.Deploy.0 = Debug|iPhone
		{7232CB78-D230-4FCC-B580-275CB89C873E}.Debug|iPhoneSimulator.ActiveCfg = Debug|iPhoneSimulator
		{7232CB78-D230-4FCC-B580-275CB89C873E}.Debug|iPhoneSimulator.Build.0 = Debug|iPhoneSimulator
		{7232CB78-D230-4FCC-B580-275CB89C873E}.Debug|iPhoneSimulator.Deploy.0 = Debug|iPhoneSimulator
		{7232CB78-D230-4FCC-B580-275CB89C873E}.Debug|x64.ActiveCfg = Debug|iPhoneSimulator
		{7232CB78-D230-4FCC-B580-275CB89C873E}.Debug|x64.Build.0 = Debug|iPhoneSimulator
		{7232CB78-D230-4FCC-B580-275CB89C873E}.Debug|x64.Deploy.0 = Debug|iPhoneSimulator
		{7232CB78-D230-4FCC-B580-275CB89C873E}.Debug|x86.ActiveCfg = Debug|iPhoneSimulator
		{7232CB78-D230-4FCC-B580-275CB89C873E}.Debug|x86.Build.0 = Debug|iPhoneSimulator
		{7232CB78-D230-4FCC-B580-275CB89C873E}.Debug|x86.Deploy.0 = Debug|iPhoneSimulator
		{7232CB78-D230-4FCC-B580-275CB89C873E}.Release|Any CPU.ActiveCfg = Release|iPhoneSimulator
		{7232CB78-D230-4FCC-B580-275CB89C873E}.Release|Any CPU.Build.0 = Release|iPhoneSimulator
		{7232CB78-D230-4FCC-B580-275CB89C873E}.Release|Any CPU.Deploy.0 = Release|iPhoneSimulator
		{7232CB78-D230-4FCC-B580-275CB89C873E}.Release|ARM.ActiveCfg = Release|iPhoneSimulator
		{7232CB78-D230-4FCC-B580-275CB89C873E}.Release|ARM.Build.0 = Release|iPhoneSimulator
		{7232CB78-D230-4FCC-B580-275CB89C873E}.Release|ARM.Deploy.0 = Release|iPhoneSimulator
		{7232CB78-D230-4FCC-B580-275CB89C873E}.Release|iPhone.ActiveCfg = Release|iPhone
		{7232CB78-D230-4FCC-B580-275CB89C873E}.Release|iPhone.Build.0 = Release|iPhone
		{7232CB78-D230-4FCC-B580-275CB89C873E}.Release|iPhone.Deploy.0 = Release|iPhone
		{7232CB78-D230-4FCC-B580-275CB89C873E}.Release|iPhoneSimulator.ActiveCfg = Release|iPhoneSimulator
		{7232CB78-D230-4FCC-B580-275CB89C873E}.Release|iPhoneSimulator.Build.0 = Release|iPhoneSimulator
		{7232CB78-D230-4FCC-B580-275CB89C873E}.Release|iPhoneSimulator.Deploy.0 = Release|iPhoneSimulator
		{7232CB78-D230-4FCC-B580-275CB89C873E}.Release|x64.ActiveCfg = Release|iPhoneSimulator
		{7232CB78-D230-4FCC-B580-275CB89C873E}.Release|x64.Build.0 = Release|iPhoneSimulator
		{7232CB78-D230-4FCC-B580-275CB89C873E}.Release|x64.Deploy.0 = Release|iPhoneSimulator
		{7232CB78-D230-4FCC-B580-275CB89C873E}.Release|x86.ActiveCfg = Release|iPhoneSimulator
		{7232CB78-D230-4FCC-B580-275CB89C873E}.Release|x86.Build.0 = Release|iPhoneSimulator
		{7232CB78-D230-4FCC-B580-275CB89C873E}.Release|x86.Deploy.0 = Release|iPhoneSimulator
		{3C6D0D15-BA85-4112-BF77-D1F74C87AF16}.Debug|Any CPU.ActiveCfg = Debug|Any CPU
		{3C6D0D15-BA85-4112-BF77-D1F74C87AF16}.Debug|Any CPU.Build.0 = Debug|Any CPU
		{3C6D0D15-BA85-4112-BF77-D1F74C87AF16}.Debug|Any CPU.Deploy.0 = Debug|Any CPU
		{3C6D0D15-BA85-4112-BF77-D1F74C87AF16}.Debug|ARM.ActiveCfg = Debug|Any CPU
		{3C6D0D15-BA85-4112-BF77-D1F74C87AF16}.Debug|ARM.Build.0 = Debug|Any CPU
		{3C6D0D15-BA85-4112-BF77-D1F74C87AF16}.Debug|ARM.Deploy.0 = Debug|Any CPU
		{3C6D0D15-BA85-4112-BF77-D1F74C87AF16}.Debug|iPhone.ActiveCfg = Debug|Any CPU
		{3C6D0D15-BA85-4112-BF77-D1F74C87AF16}.Debug|iPhone.Build.0 = Debug|Any CPU
		{3C6D0D15-BA85-4112-BF77-D1F74C87AF16}.Debug|iPhone.Deploy.0 = Debug|Any CPU
		{3C6D0D15-BA85-4112-BF77-D1F74C87AF16}.Debug|iPhoneSimulator.ActiveCfg = Debug|Any CPU
		{3C6D0D15-BA85-4112-BF77-D1F74C87AF16}.Debug|iPhoneSimulator.Build.0 = Debug|Any CPU
		{3C6D0D15-BA85-4112-BF77-D1F74C87AF16}.Debug|iPhoneSimulator.Deploy.0 = Debug|Any CPU
		{3C6D0D15-BA85-4112-BF77-D1F74C87AF16}.Debug|x64.ActiveCfg = Debug|Any CPU
		{3C6D0D15-BA85-4112-BF77-D1F74C87AF16}.Debug|x64.Build.0 = Debug|Any CPU
		{3C6D0D15-BA85-4112-BF77-D1F74C87AF16}.Debug|x64.Deploy.0 = Debug|Any CPU
		{3C6D0D15-BA85-4112-BF77-D1F74C87AF16}.Debug|x86.ActiveCfg = Debug|Any CPU
		{3C6D0D15-BA85-4112-BF77-D1F74C87AF16}.Debug|x86.Build.0 = Debug|Any CPU
		{3C6D0D15-BA85-4112-BF77-D1F74C87AF16}.Debug|x86.Deploy.0 = Debug|Any CPU
		{3C6D0D15-BA85-4112-BF77-D1F74C87AF16}.Release|Any CPU.ActiveCfg = Release|Any CPU
		{3C6D0D15-BA85-4112-BF77-D1F74C87AF16}.Release|Any CPU.Build.0 = Release|Any CPU
		{3C6D0D15-BA85-4112-BF77-D1F74C87AF16}.Release|Any CPU.Deploy.0 = Release|Any CPU
		{3C6D0D15-BA85-4112-BF77-D1F74C87AF16}.Release|ARM.ActiveCfg = Release|Any CPU
		{3C6D0D15-BA85-4112-BF77-D1F74C87AF16}.Release|ARM.Build.0 = Release|Any CPU
		{3C6D0D15-BA85-4112-BF77-D1F74C87AF16}.Release|ARM.Deploy.0 = Release|Any CPU
		{3C6D0D15-BA85-4112-BF77-D1F74C87AF16}.Release|iPhone.ActiveCfg = Release|Any CPU
		{3C6D0D15-BA85-4112-BF77-D1F74C87AF16}.Release|iPhone.Build.0 = Release|Any CPU
		{3C6D0D15-BA85-4112-BF77-D1F74C87AF16}.Release|iPhone.Deploy.0 = Release|Any CPU
		{3C6D0D15-BA85-4112-BF77-D1F74C87AF16}.Release|iPhoneSimulator.ActiveCfg = Release|Any CPU
		{3C6D0D15-BA85-4112-BF77-D1F74C87AF16}.Release|iPhoneSimulator.Build.0 = Release|Any CPU
		{3C6D0D15-BA85-4112-BF77-D1F74C87AF16}.Release|iPhoneSimulator.Deploy.0 = Release|Any CPU
		{3C6D0D15-BA85-4112-BF77-D1F74C87AF16}.Release|x64.ActiveCfg = Release|Any CPU
		{3C6D0D15-BA85-4112-BF77-D1F74C87AF16}.Release|x64.Build.0 = Release|Any CPU
		{3C6D0D15-BA85-4112-BF77-D1F74C87AF16}.Release|x64.Deploy.0 = Release|Any CPU
		{3C6D0D15-BA85-4112-BF77-D1F74C87AF16}.Release|x86.ActiveCfg = Release|Any CPU
		{3C6D0D15-BA85-4112-BF77-D1F74C87AF16}.Release|x86.Build.0 = Release|Any CPU
		{3C6D0D15-BA85-4112-BF77-D1F74C87AF16}.Release|x86.Deploy.0 = Release|Any CPU
	EndGlobalSection
	GlobalSection(SolutionProperties) = preSolution
		HideSolutionNode = FALSE
	EndGlobalSection
	GlobalSection(ExtensibilityGlobals) = postSolution
		SolutionGuid = {747644AE-EFAB-418F-858A-2391481AE282}
	EndGlobalSection
EndGlobal
